
Microsoft Visual Studio Solution File, Format Version 12.00
Project("{FAE04EC0-301F-11D3-BF4B-00C04F79EFBC}") = "Shared", "src\shared\Shared.csproj", "{345CB345-C056-4410-A804-24B46F6F9D9A}"
EndProject
Project("{2150E333-8FDC-42A3-9474-1A3956D46DE8}") = "Blogs", "Blogs", "{A09988D7-F093-463D-A27A-F6DC3BBE40BA}"
EndProject
Project("{FAE04EC0-301F-11D3-BF4B-00C04F79EFBC}") = "Blog.Api", "src\blogs\Blog.Api\Blog.Api.csproj", "{11902986-864E-49A2-9BFE-5F42073FC57F}"
EndProject
Project("{FAE04EC0-301F-11D3-BF4B-00C04F79EFBC}") = "Blog.Domain", "src\blogs\Blog.Domain\Blog.Domain.csproj", "{2AA306E9-A27D-40CA-9865-E67256B68150}"
EndProject
Project("{FAE04EC0-301F-11D3-BF4B-00C04F79EFBC}") = "Blog.Infrastructure", "src\blogs\Blog.Infrastructure\Blog.Infrastructure.csproj", "{ED931F6F-7283-4B53-8B18-1DA6ED07CBCF}"
EndProject
Project("{2150E333-8FDC-42A3-9474-1A3956D46DE8}") = "FileManagement", "FileManagement", "{2A61E194-0D6C-4478-AF3F-834BCFAD5652}"
EndProject
Project("{FAE04EC0-301F-11D3-BF4B-00C04F79EFBC}") = "elFinder.NetCore", "src\filemanagement\elFinder.NetCore\elFinder.NetCore.csproj", "{C95CF0DF-7F0A-4882-9C44-DAA70BFBF6BA}"
EndProject
Project("{FAE04EC0-301F-11D3-BF4B-00C04F79EFBC}") = "FileManagement", "src\filemanagement\FileManagement\FileManagement.csproj", "{3D4B5D09-4F16-437A-B2ED-A883D8307628}"
EndProject
Project("{2150E333-8FDC-42A3-9474-1A3956D46DE8}") = "IcedTea", "IcedTea", "{C123536A-7A04-4E04-AE84-53DF96324AE1}"
EndProject
Project("{FAE04EC0-301F-11D3-BF4B-00C04F79EFBC}") = "IcedTea.Domain", "src\icedtea\IcedTea.Domain\IcedTea.Domain.csproj", "{CA8149A1-4D24-4F3D-A13D-AC7D237D76A0}"
EndProject
Project("{FAE04EC0-301F-11D3-BF4B-00C04F79EFBC}") = "IcedTea.Infrastructure", "src\icedtea\IcedTea.Infrastructure\IcedTea.Infrastructure.csproj", "{B90F4DDA-A206-4050-8970-F6ED3647D185}"
EndProject
Project("{FAE04EC0-301F-11D3-BF4B-00C04F79EFBC}") = "IcedTea.Api", "src\icedtea\IcedTea.Api\IcedTea.Api.csproj", "{DD45BDC0-FDA3-4D6A-800E-BE7FDC20C17E}"
EndProject
Project("{2150E333-8FDC-42A3-9474-1A3956D46DE8}") = "Driver", "Driver", "{97BBDF8C-233C-47A6-8175-246A35B3CCC5}"
EndProject
Project("{FAE04EC0-301F-11D3-BF4B-00C04F79EFBC}") = "User.Api", "src\driver\User.Api\User.Api.csproj", "{2A2D3636-6462-4CBD-B861-65401C6FAC22}"
EndProject
Project("{FAE04EC0-301F-11D3-BF4B-00C04F79EFBC}") = "AuditLogging", "src\auditlogging\AuditLogging\AuditLogging.csproj", "{AFFE6597-E59B-41E2-95EF-1531BFD74F91}"
EndProject
Project("{FAE04EC0-301F-11D3-BF4B-00C04F79EFBC}") = "AuditLogging.EntityFramework", "src\auditlogging\AuditLogging.EntityFramework\AuditLogging.EntityFramework.csproj", "{7719A284-2C25-4A20-95CB-CEF3B5DB7518}"
EndProject
Project("{2150E333-8FDC-42A3-9474-1A3956D46DE8}") = "Shared", "Shared", "{48961C25-844F-4A9E-8F0A-9626554DDCB1}"
EndProject
Project("{2150E333-8FDC-42A3-9474-1A3956D46DE8}") = "Github", "Github", "{5FA2AD44-EA52-43E6-8049-1C5731E93AB8}"
EndProject
Project("{FAE04EC0-301F-11D3-BF4B-00C04F79EFBC}") = "GithubTrending.Api", "src\github\GithubTrending.Api\GithubTrending.Api.csproj", "{EA841C29-0248-452C-8A31-CE1FF94D6832}"
EndProject
Project("{FAE04EC0-301F-11D3-BF4B-00C04F79EFBC}") = "GithubTrending.Domain", "src\github\GithubTrending.Domain\GithubTrending.Domain.csproj", "{7D287610-AF8E-46AC-80AD-DC66A1CAE2FC}"
EndProject
Project("{FAE04EC0-301F-11D3-BF4B-00C04F79EFBC}") = "GithubTrending.Infrastructure", "src\github\GithubTrending.Infrastructure\GithubTrending.Infrastructure.csproj", "{1B2B4C8D-8674-4724-AD9A-257BBD2A437A}"
EndProject
Project("{2150E333-8FDC-42A3-9474-1A3956D46DE8}") = "Crawler", "Crawler", "{A4B6FB39-2FED-49E8-8AF6-95CEACD227E7}"
EndProject
Project("{FAE04EC0-301F-11D3-BF4B-00C04F79EFBC}") = "DotnetCrawler.Core", "src\dotnetcrawler\DotnetCrawler.Core\DotnetCrawler.Core.csproj", "{CE7860D7-02C1-49EE-9D4C-5CEED7460EF3}"
EndProject
Project("{FAE04EC0-301F-11D3-BF4B-00C04F79EFBC}") = "DotnetCrawler.Data", "src\dotnetcrawler\DotnetCrawler.Data\DotnetCrawler.Data.csproj", "{FB49DD83-524E-4511-B8F0-EEB6526AEFF0}"
EndProject
Project("{FAE04EC0-301F-11D3-BF4B-00C04F79EFBC}") = "DotnetCrawler.Downloader", "src\dotnetcrawler\DotnetCrawler.Downloader\DotnetCrawler.Downloader.csproj", "{060FFD95-5DB8-4CDF-BB7B-5BBFB28AC9D2}"
EndProject
Project("{FAE04EC0-301F-11D3-BF4B-00C04F79EFBC}") = "DotnetCrawler.Pipeline", "src\dotnetcrawler\DotnetCrawler.Pipeline\DotnetCrawler.Pipeline.csproj", "{FED8BC1D-F930-4AA2-BBAC-868912F24D25}"
EndProject
Project("{FAE04EC0-301F-11D3-BF4B-00C04F79EFBC}") = "DotnetCrawler.Processor", "src\dotnetcrawler\DotnetCrawler.Processor\DotnetCrawler.Processor.csproj", "{A167059F-FB24-4D69-99FA-34261E7F9109}"
EndProject
Project("{FAE04EC0-301F-11D3-BF4B-00C04F79EFBC}") = "DotnetCrawler.Request", "src\dotnetcrawler\DotnetCrawler.Request\DotnetCrawler.Request.csproj", "{6B8B2115-832D-41AD-9803-69B14FD6E193}"
EndProject
Project("{FAE04EC0-301F-11D3-BF4B-00C04F79EFBC}") = "DotnetCrawler.Scheduler", "src\dotnetcrawler\DotnetCrawler.Scheduler\DotnetCrawler.Scheduler.csproj", "{24405BAA-0917-4033-970E-614CAE45986C}"
EndProject
Global
	GlobalSection(SolutionConfigurationPlatforms) = preSolution
		Debug|Any CPU = Debug|Any CPU
		Release|Any CPU = Release|Any CPU
	EndGlobalSection
	GlobalSection(ProjectConfigurationPlatforms) = postSolution
		{345CB345-C056-4410-A804-24B46F6F9D9A}.Debug|Any CPU.ActiveCfg = Debug|Any CPU
		{345CB345-C056-4410-A804-24B46F6F9D9A}.Debug|Any CPU.Build.0 = Debug|Any CPU
		{345CB345-C056-4410-A804-24B46F6F9D9A}.Release|Any CPU.ActiveCfg = Release|Any CPU
		{345CB345-C056-4410-A804-24B46F6F9D9A}.Release|Any CPU.Build.0 = Release|Any CPU
		{11902986-864E-49A2-9BFE-5F42073FC57F}.Debug|Any CPU.ActiveCfg = Debug|Any CPU
		{11902986-864E-49A2-9BFE-5F42073FC57F}.Debug|Any CPU.Build.0 = Debug|Any CPU
		{11902986-864E-49A2-9BFE-5F42073FC57F}.Release|Any CPU.ActiveCfg = Release|Any CPU
		{11902986-864E-49A2-9BFE-5F42073FC57F}.Release|Any CPU.Build.0 = Release|Any CPU
		{2AA306E9-A27D-40CA-9865-E67256B68150}.Debug|Any CPU.ActiveCfg = Debug|Any CPU
		{2AA306E9-A27D-40CA-9865-E67256B68150}.Debug|Any CPU.Build.0 = Debug|Any CPU
		{2AA306E9-A27D-40CA-9865-E67256B68150}.Release|Any CPU.ActiveCfg = Release|Any CPU
		{2AA306E9-A27D-40CA-9865-E67256B68150}.Release|Any CPU.Build.0 = Release|Any CPU
		{ED931F6F-7283-4B53-8B18-1DA6ED07CBCF}.Debug|Any CPU.ActiveCfg = Debug|Any CPU
		{ED931F6F-7283-4B53-8B18-1DA6ED07CBCF}.Debug|Any CPU.Build.0 = Debug|Any CPU
		{ED931F6F-7283-4B53-8B18-1DA6ED07CBCF}.Release|Any CPU.ActiveCfg = Release|Any CPU
		{ED931F6F-7283-4B53-8B18-1DA6ED07CBCF}.Release|Any CPU.Build.0 = Release|Any CPU
		{C95CF0DF-7F0A-4882-9C44-DAA70BFBF6BA}.Debug|Any CPU.ActiveCfg = Debug|Any CPU
		{C95CF0DF-7F0A-4882-9C44-DAA70BFBF6BA}.Debug|Any CPU.Build.0 = Debug|Any CPU
		{C95CF0DF-7F0A-4882-9C44-DAA70BFBF6BA}.Release|Any CPU.ActiveCfg = Release|Any CPU
		{C95CF0DF-7F0A-4882-9C44-DAA70BFBF6BA}.Release|Any CPU.Build.0 = Release|Any CPU
		{3D4B5D09-4F16-437A-B2ED-A883D8307628}.Debug|Any CPU.ActiveCfg = Debug|Any CPU
		{3D4B5D09-4F16-437A-B2ED-A883D8307628}.Debug|Any CPU.Build.0 = Debug|Any CPU
		{3D4B5D09-4F16-437A-B2ED-A883D8307628}.Release|Any CPU.ActiveCfg = Release|Any CPU
		{3D4B5D09-4F16-437A-B2ED-A883D8307628}.Release|Any CPU.Build.0 = Release|Any CPU
		{CA8149A1-4D24-4F3D-A13D-AC7D237D76A0}.Debug|Any CPU.ActiveCfg = Debug|Any CPU
		{CA8149A1-4D24-4F3D-A13D-AC7D237D76A0}.Debug|Any CPU.Build.0 = Debug|Any CPU
		{CA8149A1-4D24-4F3D-A13D-AC7D237D76A0}.Release|Any CPU.ActiveCfg = Release|Any CPU
		{CA8149A1-4D24-4F3D-A13D-AC7D237D76A0}.Release|Any CPU.Build.0 = Release|Any CPU
		{B90F4DDA-A206-4050-8970-F6ED3647D185}.Debug|Any CPU.ActiveCfg = Debug|Any CPU
		{B90F4DDA-A206-4050-8970-F6ED3647D185}.Debug|Any CPU.Build.0 = Debug|Any CPU
		{B90F4DDA-A206-4050-8970-F6ED3647D185}.Release|Any CPU.ActiveCfg = Release|Any CPU
		{B90F4DDA-A206-4050-8970-F6ED3647D185}.Release|Any CPU.Build.0 = Release|Any CPU
		{DD45BDC0-FDA3-4D6A-800E-BE7FDC20C17E}.Debug|Any CPU.ActiveCfg = Debug|Any CPU
		{DD45BDC0-FDA3-4D6A-800E-BE7FDC20C17E}.Debug|Any CPU.Build.0 = Debug|Any CPU
		{DD45BDC0-FDA3-4D6A-800E-BE7FDC20C17E}.Release|Any CPU.ActiveCfg = Release|Any CPU
		{DD45BDC0-FDA3-4D6A-800E-BE7FDC20C17E}.Release|Any CPU.Build.0 = Release|Any CPU
		{2A2D3636-6462-4CBD-B861-65401C6FAC22}.Debug|Any CPU.ActiveCfg = Debug|Any CPU
		{2A2D3636-6462-4CBD-B861-65401C6FAC22}.Debug|Any CPU.Build.0 = Debug|Any CPU
		{2A2D3636-6462-4CBD-B861-65401C6FAC22}.Release|Any CPU.ActiveCfg = Release|Any CPU
		{2A2D3636-6462-4CBD-B861-65401C6FAC22}.Release|Any CPU.Build.0 = Release|Any CPU
		{AFFE6597-E59B-41E2-95EF-1531BFD74F91}.Debug|Any CPU.ActiveCfg = Debug|Any CPU
		{AFFE6597-E59B-41E2-95EF-1531BFD74F91}.Debug|Any CPU.Build.0 = Debug|Any CPU
		{AFFE6597-E59B-41E2-95EF-1531BFD74F91}.Release|Any CPU.ActiveCfg = Release|Any CPU
		{AFFE6597-E59B-41E2-95EF-1531BFD74F91}.Release|Any CPU.Build.0 = Release|Any CPU
		{7719A284-2C25-4A20-95CB-CEF3B5DB7518}.Debug|Any CPU.ActiveCfg = Debug|Any CPU
		{7719A284-2C25-4A20-95CB-CEF3B5DB7518}.Debug|Any CPU.Build.0 = Debug|Any CPU
		{7719A284-2C25-4A20-95CB-CEF3B5DB7518}.Release|Any CPU.ActiveCfg = Release|Any CPU
		{7719A284-2C25-4A20-95CB-CEF3B5DB7518}.Release|Any CPU.Build.0 = Release|Any CPU
		{EA841C29-0248-452C-8A31-CE1FF94D6832}.Debug|Any CPU.ActiveCfg = Debug|Any CPU
		{EA841C29-0248-452C-8A31-CE1FF94D6832}.Debug|Any CPU.Build.0 = Debug|Any CPU
		{EA841C29-0248-452C-8A31-CE1FF94D6832}.Release|Any CPU.ActiveCfg = Release|Any CPU
		{EA841C29-0248-452C-8A31-CE1FF94D6832}.Release|Any CPU.Build.0 = Release|Any CPU
		{7D287610-AF8E-46AC-80AD-DC66A1CAE2FC}.Debug|Any CPU.ActiveCfg = Debug|Any CPU
		{7D287610-AF8E-46AC-80AD-DC66A1CAE2FC}.Debug|Any CPU.Build.0 = Debug|Any CPU
		{7D287610-AF8E-46AC-80AD-DC66A1CAE2FC}.Release|Any CPU.ActiveCfg = Release|Any CPU
		{7D287610-AF8E-46AC-80AD-DC66A1CAE2FC}.Release|Any CPU.Build.0 = Release|Any CPU
		{1B2B4C8D-8674-4724-AD9A-257BBD2A437A}.Debug|Any CPU.ActiveCfg = Debug|Any CPU
		{1B2B4C8D-8674-4724-AD9A-257BBD2A437A}.Debug|Any CPU.Build.0 = Debug|Any CPU
		{1B2B4C8D-8674-4724-AD9A-257BBD2A437A}.Release|Any CPU.ActiveCfg = Release|Any CPU
		{1B2B4C8D-8674-4724-AD9A-257BBD2A437A}.Release|Any CPU.Build.0 = Release|Any CPU
		{CE7860D7-02C1-49EE-9D4C-5CEED7460EF3}.Debug|Any CPU.ActiveCfg = Debug|Any CPU
		{CE7860D7-02C1-49EE-9D4C-5CEED7460EF3}.Debug|Any CPU.Build.0 = Debug|Any CPU
		{CE7860D7-02C1-49EE-9D4C-5CEED7460EF3}.Release|Any CPU.ActiveCfg = Release|Any CPU
		{CE7860D7-02C1-49EE-9D4C-5CEED7460EF3}.Release|Any CPU.Build.0 = Release|Any CPU
		{FB49DD83-524E-4511-B8F0-EEB6526AEFF0}.Debug|Any CPU.ActiveCfg = Debug|Any CPU
		{FB49DD83-524E-4511-B8F0-EEB6526AEFF0}.Debug|Any CPU.Build.0 = Debug|Any CPU
		{FB49DD83-524E-4511-B8F0-EEB6526AEFF0}.Release|Any CPU.ActiveCfg = Release|Any CPU
		{FB49DD83-524E-4511-B8F0-EEB6526AEFF0}.Release|Any CPU.Build.0 = Release|Any CPU
		{060FFD95-5DB8-4CDF-BB7B-5BBFB28AC9D2}.Debug|Any CPU.ActiveCfg = Debug|Any CPU
		{060FFD95-5DB8-4CDF-BB7B-5BBFB28AC9D2}.Debug|Any CPU.Build.0 = Debug|Any CPU
		{060FFD95-5DB8-4CDF-BB7B-5BBFB28AC9D2}.Release|Any CPU.ActiveCfg = Release|Any CPU
		{060FFD95-5DB8-4CDF-BB7B-5BBFB28AC9D2}.Release|Any CPU.Build.0 = Release|Any CPU
		{FED8BC1D-F930-4AA2-BBAC-868912F24D25}.Debug|Any CPU.ActiveCfg = Debug|Any CPU
		{FED8BC1D-F930-4AA2-BBAC-868912F24D25}.Debug|Any CPU.Build.0 = Debug|Any CPU
		{FED8BC1D-F930-4AA2-BBAC-868912F24D25}.Release|Any CPU.ActiveCfg = Release|Any CPU
		{FED8BC1D-F930-4AA2-BBAC-868912F24D25}.Release|Any CPU.Build.0 = Release|Any CPU
		{A167059F-FB24-4D69-99FA-34261E7F9109}.Debug|Any CPU.ActiveCfg = Debug|Any CPU
		{A167059F-FB24-4D69-99FA-34261E7F9109}.Debug|Any CPU.Build.0 = Debug|Any CPU
		{A167059F-FB24-4D69-99FA-34261E7F9109}.Release|Any CPU.ActiveCfg = Release|Any CPU
		{A167059F-FB24-4D69-99FA-34261E7F9109}.Release|Any CPU.Build.0 = Release|Any CPU
		{6B8B2115-832D-41AD-9803-69B14FD6E193}.Debug|Any CPU.ActiveCfg = Debug|Any CPU
		{6B8B2115-832D-41AD-9803-69B14FD6E193}.Debug|Any CPU.Build.0 = Debug|Any CPU
		{6B8B2115-832D-41AD-9803-69B14FD6E193}.Release|Any CPU.ActiveCfg = Release|Any CPU
		{6B8B2115-832D-41AD-9803-69B14FD6E193}.Release|Any CPU.Build.0 = Release|Any CPU
		{24405BAA-0917-4033-970E-614CAE45986C}.Debug|Any CPU.ActiveCfg = Debug|Any CPU
		{24405BAA-0917-4033-970E-614CAE45986C}.Debug|Any CPU.Build.0 = Debug|Any CPU
		{24405BAA-0917-4033-970E-614CAE45986C}.Release|Any CPU.ActiveCfg = Release|Any CPU
		{24405BAA-0917-4033-970E-614CAE45986C}.Release|Any CPU.Build.0 = Release|Any CPU
	EndGlobalSection
	GlobalSection(NestedProjects) = preSolution
		{11902986-864E-49A2-9BFE-5F42073FC57F} = {A09988D7-F093-463D-A27A-F6DC3BBE40BA}
		{2AA306E9-A27D-40CA-9865-E67256B68150} = {A09988D7-F093-463D-A27A-F6DC3BBE40BA}
		{ED931F6F-7283-4B53-8B18-1DA6ED07CBCF} = {A09988D7-F093-463D-A27A-F6DC3BBE40BA}
		{C95CF0DF-7F0A-4882-9C44-DAA70BFBF6BA} = {2A61E194-0D6C-4478-AF3F-834BCFAD5652}
		{3D4B5D09-4F16-437A-B2ED-A883D8307628} = {2A61E194-0D6C-4478-AF3F-834BCFAD5652}
		{CA8149A1-4D24-4F3D-A13D-AC7D237D76A0} = {C123536A-7A04-4E04-AE84-53DF96324AE1}
		{B90F4DDA-A206-4050-8970-F6ED3647D185} = {C123536A-7A04-4E04-AE84-53DF96324AE1}
		{DD45BDC0-FDA3-4D6A-800E-BE7FDC20C17E} = {C123536A-7A04-4E04-AE84-53DF96324AE1}
		{2A2D3636-6462-4CBD-B861-65401C6FAC22} = {97BBDF8C-233C-47A6-8175-246A35B3CCC5}
		{AFFE6597-E59B-41E2-95EF-1531BFD74F91} = {48961C25-844F-4A9E-8F0A-9626554DDCB1}
		{7719A284-2C25-4A20-95CB-CEF3B5DB7518} = {48961C25-844F-4A9E-8F0A-9626554DDCB1}
		{345CB345-C056-4410-A804-24B46F6F9D9A} = {48961C25-844F-4A9E-8F0A-9626554DDCB1}
		{EA841C29-0248-452C-8A31-CE1FF94D6832} = {5FA2AD44-EA52-43E6-8049-1C5731E93AB8}
		{7D287610-AF8E-46AC-80AD-DC66A1CAE2FC} = {5FA2AD44-EA52-43E6-8049-1C5731E93AB8}
		{1B2B4C8D-8674-4724-AD9A-257BBD2A437A} = {5FA2AD44-EA52-43E6-8049-1C5731E93AB8}
		{CE7860D7-02C1-49EE-9D4C-5CEED7460EF3} = {A4B6FB39-2FED-49E8-8AF6-95CEACD227E7}
		{FB49DD83-524E-4511-B8F0-EEB6526AEFF0} = {A4B6FB39-2FED-49E8-8AF6-95CEACD227E7}
		{060FFD95-5DB8-4CDF-BB7B-5BBFB28AC9D2} = {A4B6FB39-2FED-49E8-8AF6-95CEACD227E7}
		{FED8BC1D-F930-4AA2-BBAC-868912F24D25} = {A4B6FB39-2FED-49E8-8AF6-95CEACD227E7}
		{A167059F-FB24-4D69-99FA-34261E7F9109} = {A4B6FB39-2FED-49E8-8AF6-95CEACD227E7}
		{6B8B2115-832D-41AD-9803-69B14FD6E193} = {A4B6FB39-2FED-49E8-8AF6-95CEACD227E7}
		{24405BAA-0917-4033-970E-614CAE45986C} = {A4B6FB39-2FED-49E8-8AF6-95CEACD227E7}
	EndGlobalSection
EndGlobal
